{
  "version": "4",
  "specifiers": {
    "npm:@preact/signals@*": "2.0.1_preact@10.25.4",
    "npm:date-fns-tz@*": "3.2.0_date-fns@4.1.0",
    "npm:date-fns-tz@2.0.0": "2.0.0_date-fns@4.1.0",
    "npm:date-fns-tz@3.2.0": "3.2.0_date-fns@4.1.0",
    "npm:date-fns-tz@^3.2.0": "3.2.0_date-fns@4.1.0",
    "npm:date-fns@*": "4.1.0",
    "npm:date-fns@4.1.0": "4.1.0",
    "npm:date-fns@^4.1.0": "4.1.0",
    "npm:htm@*": "3.1.1",
    "npm:htm@3.1.1": "3.1.1",
    "npm:htm@^3.1.1": "3.1.1",
    "npm:preact-render-to-string@^6.5.13": "6.5.13_preact@10.25.4",
    "npm:preact@*": "10.25.4",
    "npm:react-dom@*": "19.0.0_react@19.0.0",
    "npm:react@*": "19.0.0"
  },
  "npm": {
    "@preact/signals-core@1.8.0": {
      "integrity": "sha512-OBvUsRZqNmjzCZXWLxkZfhcgT+Fk8DDcT/8vD6a1xhDemodyy87UJRJfASMuSD8FaAIeGgGm85ydXhm7lr4fyA=="
    },
    "@preact/signals@2.0.1_preact@10.25.4": {
      "integrity": "sha512-f9p/utMgttPb9bJ+UgRBkTDZ9uQiZfX1/gV3pXGWz+yGNQj8MrnG55Xo8MAG4IHcb5UXQO6tvt9ZlsM4A2j+Rw==",
      "dependencies": [
        "@preact/signals-core",
        "preact"
      ]
    },
    "date-fns-tz@2.0.0_date-fns@4.1.0": {
      "integrity": "sha512-OAtcLdB9vxSXTWHdT8b398ARImVwQMyjfYGkKD2zaGpHseG2UPHbHjXELReErZFxWdSLph3c2zOaaTyHfOhERQ==",
      "dependencies": [
        "date-fns"
      ]
    },
    "date-fns-tz@3.2.0_date-fns@4.1.0": {
      "integrity": "sha512-sg8HqoTEulcbbbVXeg84u5UnlsQa8GS5QXMqjjYIhS4abEVVKIUwe0/l/UhrZdKaL/W5eWZNlbTeEIiOXTcsBQ==",
      "dependencies": [
        "date-fns"
      ]
    },
    "date-fns@4.1.0": {
      "integrity": "sha512-Ukq0owbQXxa/U3EGtsdVBkR1w7KOQ5gIBqdH2hkvknzZPYvBxb/aa6E8L7tmjFtkwZBu3UXBbjIgPo/Ez4xaNg=="
    },
    "htm@3.1.1": {
      "integrity": "sha512-983Vyg8NwUE7JkZ6NmOqpCZ+sh1bKv2iYTlUkzlWmA5JD2acKoxd4KVxbMmxX/85mtfdnDmTFoNKcg5DGAvxNQ=="
    },
    "preact-render-to-string@6.5.13_preact@10.25.4": {
      "integrity": "sha512-iGPd+hKPMFKsfpR2vL4kJ6ZPcFIoWZEcBf0Dpm3zOpdVvj77aY8RlLiQji5OMrngEyaxGogeakTb54uS2FvA6w==",
      "dependencies": [
        "preact"
      ]
    },
    "preact@10.25.4": {
      "integrity": "sha512-jLdZDb+Q+odkHJ+MpW/9U5cODzqnB+fy2EiHSZES7ldV5LK7yjlVzTp7R8Xy6W6y75kfK8iWYtFVH7lvjwrCMA=="
    },
    "react-dom@19.0.0_react@19.0.0": {
      "integrity": "sha512-4GV5sHFG0e/0AD4X+ySy6UJd3jVl1iNsNHdpad0qhABJ11twS3TTBnseqsKurKcsNqCEFeGL3uLpVChpIO3QfQ==",
      "dependencies": [
        "react",
        "scheduler"
      ]
    },
    "react@19.0.0": {
      "integrity": "sha512-V8AVnmPIICiWpGfm6GLzCR/W5FXLchHop40W4nXBmdlEceh16rCN8O8LNWm5bh5XUX91fh7KpA+W0TgMKmgTpQ=="
    },
    "scheduler@0.25.0": {
      "integrity": "sha512-xFVuu11jh+xcO7JOAGJNOXld8/TcEHK/4CituBUeUb5hqxJLj9YuemAEuvm9gQ/+pgXYfbQuqAkiYu+u7YEsNA=="
    }
  }
}
